
Microsoft Visual Studio Solution File, Format Version 12.00
# Visual Studio Version 16
VisualStudioVersion = 16.0.29306.81
MinimumVisualStudioVersion = 10.0.40219.1
Project("{FAE04EC0-301F-11D3-BF4B-00C04F79EFBC}") = "lab2", "lab2\lab2.csproj", "{06AF6B99-5EFE-431A-A220-BBAC7B09878E}"
EndProject
Global
	GlobalSection(SolutionConfigurationPlatforms) = preSolution
		Debug|Any CPU = Debug|Any CPU
		Release|Any CPU = Release|Any CPU
	EndGlobalSection
	GlobalSection(ProjectConfigurationPlatforms) = postSolution
		{06AF6B99-5EFE-431A-A220-BBAC7B09878E}.Debug|Any CPU.ActiveCfg = Debug|Any CPU
		{06AF6B99-5EFE-431A-A220-BBAC7B09878E}.Debug|Any CPU.Build.0 = Debug|Any CPU
		{06AF6B99-5EFE-431A-A220-BBAC7B09878E}.Release|Any CPU.ActiveCfg = Release|Any CPU
		{06AF6B99-5EFE-431A-A220-BBAC7B09878E}.Release|Any CPU.Build.0 = Release|Any CPU
	EndGlobalSection
	GlobalSection(SolutionProperties) = preSolution
		HideSolutionNode = FALSE
	EndGlobalSection
	GlobalSection(ExtensibilityGlobals) = postSolution
		SolutionGuid = {78514DA4-D504-4BB3-8835-494008D794E6}
	EndGlobalSection
EndGlobal
