
Microsoft Visual Studio Solution File, Format Version 12.00
# Visual Studio Version 16
VisualStudioVersion = 16.0.29409.12
MinimumVisualStudioVersion = 10.0.40219.1
Project("{FAE04EC0-301F-11D3-BF4B-00C04F79EFBC}") = "FinalProject", "FinalProject\FinalProject.csproj", "{2A3AD41A-B916-4244-84B5-C7F1B07AC516}"
EndProject
Global
	GlobalSection(SolutionConfigurationPlatforms) = preSolution
		Debug|Any CPU = Debug|Any CPU
		Release|Any CPU = Release|Any CPU
	EndGlobalSection
	GlobalSection(ProjectConfigurationPlatforms) = postSolution
		{2A3AD41A-B916-4244-84B5-C7F1B07AC516}.Debug|Any CPU.ActiveCfg = Debug|Any CPU
		{2A3AD41A-B916-4244-84B5-C7F1B07AC516}.Debug|Any CPU.Build.0 = Debug|Any CPU
		{2A3AD41A-B916-4244-84B5-C7F1B07AC516}.Release|Any CPU.ActiveCfg = Release|Any CPU
		{2A3AD41A-B916-4244-84B5-C7F1B07AC516}.Release|Any CPU.Build.0 = Release|Any CPU
	EndGlobalSection
	GlobalSection(SolutionProperties) = preSolution
		HideSolutionNode = FALSE
	EndGlobalSection
	GlobalSection(ExtensibilityGlobals) = postSolution
		SolutionGuid = {E0E69D04-C804-47BE-BA0D-656CB00D1DB6}
	EndGlobalSection
EndGlobal
